
Microsoft Visual Studio Solution File, Format Version 12.00
# Visual Studio Version 17
VisualStudioVersion = 17.13.35913.81 d17.13
MinimumVisualStudioVersion = 10.0.40219.1
Project("{FAE04EC0-301F-11D3-BF4B-00C04F79EFBC}") = "CadastroEscolar", "CadastroEscolar\CadastroEscolar.csproj", "{C8D44C34-BE5E-48DF-A1EC-EE6B330AA4B1}"
EndProject
Global
	GlobalSection(SolutionConfigurationPlatforms) = preSolution
		Debug|Any CPU = Debug|Any CPU
		Release|Any CPU = Release|Any CPU
	EndGlobalSection
	GlobalSection(ProjectConfigurationPlatforms) = postSolution
		{C8D44C34-BE5E-48DF-A1EC-EE6B330AA4B1}.Debug|Any CPU.ActiveCfg = Debug|Any CPU
		{C8D44C34-BE5E-48DF-A1EC-EE6B330AA4B1}.Debug|Any CPU.Build.0 = Debug|Any CPU
		{C8D44C34-BE5E-48DF-A1EC-EE6B330AA4B1}.Release|Any CPU.ActiveCfg = Release|Any CPU
		{C8D44C34-BE5E-48DF-A1EC-EE6B330AA4B1}.Release|Any CPU.Build.0 = Release|Any CPU
	EndGlobalSection
	GlobalSection(SolutionProperties) = preSolution
		HideSolutionNode = FALSE
	EndGlobalSection
	GlobalSection(ExtensibilityGlobals) = postSolution
		SolutionGuid = {E596D25D-3B7C-44D5-929E-EDB6B5E4CF84}
	EndGlobalSection
EndGlobal
